
Microsoft Visual Studio Solution File, Format Version 12.00
# Visual Studio 2013
VisualStudioVersion = 12.0.21005.1
MinimumVisualStudioVersion = 10.0.40219.1
Project("{FAE04EC0-301F-11D3-BF4B-00C04F79EFBC}") = "BlackJack", "BlackJack\BlackJack.csproj", "{89AA57A6-EC2B-47DF-BA9E-ACC19BA3DF87}"
EndProject
Project("{F088123C-0E9E-452A-89E6-6BA2F21D5CAC}") = "ModelingProject1", "ModelingProject1\ModelingProject1.modelproj", "{FA39B0F9-DD05-4C78-8106-8B50CC730823}"
EndProject
Global
	GlobalSection(SolutionConfigurationPlatforms) = preSolution
		Debug|Any CPU = Debug|Any CPU
		Release|Any CPU = Release|Any CPU
	EndGlobalSection
	GlobalSection(ProjectConfigurationPlatforms) = postSolution
		{89AA57A6-EC2B-47DF-BA9E-ACC19BA3DF87}.Debug|Any CPU.ActiveCfg = Debug|Any CPU
		{89AA57A6-EC2B-47DF-BA9E-ACC19BA3DF87}.Debug|Any CPU.Build.0 = Debug|Any CPU
		{89AA57A6-EC2B-47DF-BA9E-ACC19BA3DF87}.Release|Any CPU.ActiveCfg = Release|Any CPU
		{89AA57A6-EC2B-47DF-BA9E-ACC19BA3DF87}.Release|Any CPU.Build.0 = Release|Any CPU
		{FA39B0F9-DD05-4C78-8106-8B50CC730823}.Debug|Any CPU.ActiveCfg = Debug|Any CPU
		{FA39B0F9-DD05-4C78-8106-8B50CC730823}.Debug|Any CPU.Build.0 = Debug|Any CPU
		{FA39B0F9-DD05-4C78-8106-8B50CC730823}.Release|Any CPU.ActiveCfg = Release|Any CPU
		{FA39B0F9-DD05-4C78-8106-8B50CC730823}.Release|Any CPU.Build.0 = Release|Any CPU
	EndGlobalSection
	GlobalSection(SolutionProperties) = preSolution
		HideSolutionNode = FALSE
	EndGlobalSection
EndGlobal
